
Microsoft Visual Studio Solution File, Format Version 12.00
# Visual Studio Version 16
VisualStudioVersion = 16.0.30611.23
MinimumVisualStudioVersion = 10.0.40219.1
Project("{FAE04EC0-301F-11D3-BF4B-00C04F79EFBC}") = "PixelWorldsProxy", "PixelWorldsProxy\PixelWorldsProxy.csproj", "{933931A0-0607-4599-B7A2-094DBF65600B}"
EndProject
Global
	GlobalSection(SolutionConfigurationPlatforms) = preSolution
		Debug|Any CPU = Debug|Any CPU
		Release|Any CPU = Release|Any CPU
	EndGlobalSection
	GlobalSection(ProjectConfigurationPlatforms) = postSolution
		{933931A0-0607-4599-B7A2-094DBF65600B}.Debug|Any CPU.ActiveCfg = Debug|Any CPU
		{933931A0-0607-4599-B7A2-094DBF65600B}.Debug|Any CPU.Build.0 = Debug|Any CPU
		{933931A0-0607-4599-B7A2-094DBF65600B}.Release|Any CPU.ActiveCfg = Release|Any CPU
		{933931A0-0607-4599-B7A2-094DBF65600B}.Release|Any CPU.Build.0 = Release|Any CPU
	EndGlobalSection
	GlobalSection(SolutionProperties) = preSolution
		HideSolutionNode = FALSE
	EndGlobalSection
	GlobalSection(ExtensibilityGlobals) = postSolution
		SolutionGuid = {FA7E0B02-4583-4626-965C-073BF612567A}
	EndGlobalSection
EndGlobal
